
Microsoft Visual Studio Solution File, Format Version 12.00
# Visual Studio Version 17
VisualStudioVersion = 17.10.35122.118
MinimumVisualStudioVersion = 10.0.40219.1
Project("{FAE04EC0-301F-11D3-BF4B-00C04F79EFBC}") = "FTP", "FTP\FTP.csproj", "{F093F184-CE7B-43AA-B302-CA8039ECA8BD}"
EndProject
Project("{9A19103F-16F7-4668-BE54-9A1E7A4F7556}") = "FTPserver", "FTPserver\FTPserver.csproj", "{3D9691DD-2FAC-42F6-9486-F8BF72E1CFB8}"
EndProject
Global
	GlobalSection(SolutionConfigurationPlatforms) = preSolution
		Debug|Any CPU = Debug|Any CPU
		Release|Any CPU = Release|Any CPU
	EndGlobalSection
	GlobalSection(ProjectConfigurationPlatforms) = postSolution
		{F093F184-CE7B-43AA-B302-CA8039ECA8BD}.Debug|Any CPU.ActiveCfg = Debug|Any CPU
		{F093F184-CE7B-43AA-B302-CA8039ECA8BD}.Debug|Any CPU.Build.0 = Debug|Any CPU
		{F093F184-CE7B-43AA-B302-CA8039ECA8BD}.Release|Any CPU.ActiveCfg = Release|Any CPU
		{F093F184-CE7B-43AA-B302-CA8039ECA8BD}.Release|Any CPU.Build.0 = Release|Any CPU
		{3D9691DD-2FAC-42F6-9486-F8BF72E1CFB8}.Debug|Any CPU.ActiveCfg = Debug|Any CPU
		{3D9691DD-2FAC-42F6-9486-F8BF72E1CFB8}.Debug|Any CPU.Build.0 = Debug|Any CPU
		{3D9691DD-2FAC-42F6-9486-F8BF72E1CFB8}.Release|Any CPU.ActiveCfg = Release|Any CPU
		{3D9691DD-2FAC-42F6-9486-F8BF72E1CFB8}.Release|Any CPU.Build.0 = Release|Any CPU
	EndGlobalSection
	GlobalSection(SolutionProperties) = preSolution
		HideSolutionNode = FALSE
	EndGlobalSection
	GlobalSection(ExtensibilityGlobals) = postSolution
		SolutionGuid = {CADF7729-7E43-441E-9DFC-291E94BB632A}
	EndGlobalSection
EndGlobal
